// !$*UTF8*$!
{
	archiveVersion = 1;
	classes = {
	};
	objectVersion = 48;
	objects = {

/* Begin PBXBuildFile section */
		4AAD37EB202075840082B02D /* AppDelegate.swift in Sources */ = {isa = PBXBuildFile; fileRef = 4AAD37EA202075840082B02D /* AppDelegate.swift */; };
		4AAD37ED202075840082B02D /* ViewController.swift in Sources */ = {isa = PBXBuildFile; fileRef = 4AAD37EC202075840082B02D /* ViewController.swift */; };
		4AAD37F0202075840082B02D /* Main.storyboard in Resources */ = {isa = PBXBuildFile; fileRef = 4AAD37EE202075840082B02D /* Main.storyboard */; };
		4AAD37F2202075840082B02D /* Assets.xcassets in Resources */ = {isa = PBXBuildFile; fileRef = 4AAD37F1202075840082B02D /* Assets.xcassets */; };
		4AAD37F5202075840082B02D /* LaunchScreen.storyboard in Resources */ = {isa = PBXBuildFile; fileRef = 4AAD37F3202075840082B02D /* LaunchScreen.storyboard */; };
		4AAD3800202075840082B02D /* testTests.swift in Sources */ = {isa = PBXBuildFile; fileRef = 4AAD37FF202075840082B02D /* testTests.swift */; };
		4AAD380B202075840082B02D /* testUITests.swift in Sources */ = {isa = PBXBuildFile; fileRef = 4AAD380A202075840082B02D /* testUITests.swift */; };
		4ADEEE7C2149F5E10014A010 /* ComponentProtocol.swift in Sources */ = {isa = PBXBuildFile; fileRef = 4ADEEE7B2149F5E10014A010 /* ComponentProtocol.swift */; };
		4ADEEE7E2149F63B0014A010 /* Composite.swift in Sources */ = {isa = PBXBuildFile; fileRef = 4ADEEE7D2149F63B0014A010 /* Composite.swift */; };
		4ADEEE802149F6A50014A010 /* Leaf.swift in Sources */ = {isa = PBXBuildFile; fileRef = 4ADEEE7F2149F6A50014A010 /* Leaf.swift */; };
/* End PBXBuildFile section */

/* Begin PBXContainerItemProxy section */
		4AAD37FC202075840082B02D /* PBXContainerItemProxy */ = {
			isa = PBXContainerItemProxy;
			containerPortal = 4AAD37DF202075830082B02D /* Project object */;
			proxyType = 1;
			remoteGlobalIDString = 4AAD37E6202075840082B02D;
			remoteInfo = test;
		};
		4AAD3807202075840082B02D /* PBXContainerItemProxy */ = {
			isa = PBXContainerItemProxy;
			containerPortal = 4AAD37DF202075830082B02D /* Project object */;
			proxyType = 1;
			remoteGlobalIDString = 4AAD37E6202075840082B02D;
			remoteInfo = test;
		};
/* End PBXContainerItemProxy section */

/* Begin PBXFileReference section */
		4A09CC5220246C5F006A6FC0 /* test-Bridging-Header.h */ = {isa = PBXFileReference; lastKnownFileType = sourcecode.c.h; path = "test-Bridging-Header.h"; sourceTree = "<group>"; };
		4AAD37E7202075840082B02D /* test.app */ = {isa = PBXFileReference; explicitFileType = wrapper.application; includeInIndex = 0; path = test.app; sourceTree = BUILT_PRODUCTS_DIR; };
		4AAD37EA202075840082B02D /* AppDelegate.swift */ = {isa = PBXFileReference; lastKnownFileType = sourcecode.swift; path = AppDelegate.swift; sourceTree = "<group>"; };
		4AAD37EC202075840082B02D /* ViewController.swift */ = {isa = PBXFileReference; lastKnownFileType = sourcecode.swift; path = ViewController.swift; sourceTree = "<group>"; };
		4AAD37EF202075840082B02D /* Base */ = {isa = PBXFileReference; lastKnownFileType = file.storyboard; name = Base; path = Base.lproj/Main.storyboard; sourceTree = "<group>"; };
		4AAD37F1202075840082B02D /* Assets.xcassets */ = {isa = PBXFileReference; lastKnownFileType = folder.assetcatalog; path = Assets.xcassets; sourceTree = "<group>"; };
		4AAD37F4202075840082B02D /* Base */ = {isa = PBXFileReference; lastKnownFileType = file.storyboard; name = Base; path = Base.lproj/LaunchScreen.storyboard; sourceTree = "<group>"; };
		4AAD37F6202075840082B02D /* Info.plist */ = {isa = PBXFileReference; lastKnownFileType = text.plist.xml; path = Info.plist; sourceTree = "<group>"; };
		4AAD37FB202075840082B02D /* testTests.xctest */ = {isa = PBXFileReference; explicitFileType = wrapper.cfbundle; includeInIndex = 0; path = testTests.xctest; sourceTree = BUILT_PRODUCTS_DIR; };
		4AAD37FF202075840082B02D /* testTests.swift */ = {isa = PBXFileReference; lastKnownFileType = sourcecode.swift; path = testTests.swift; sourceTree = "<group>"; };
		4AAD3801202075840082B02D /* Info.plist */ = {isa = PBXFileReference; lastKnownFileType = text.plist.xml; path = Info.plist; sourceTree = "<group>"; };
		4AAD3806202075840082B02D /* testUITests.xctest */ = {isa = PBXFileReference; explicitFileType = wrapper.cfbundle; includeInIndex = 0; path = testUITests.xctest; sourceTree = BUILT_PRODUCTS_DIR; };
		4AAD380A202075840082B02D /* testUITests.swift */ = {isa = PBXFileReference; lastKnownFileType = sourcecode.swift; path = testUITests.swift; sourceTree = "<group>"; };
		4AAD380C202075840082B02D /* Info.plist */ = {isa = PBXFileReference; lastKnownFileType = text.plist.xml; path = Info.plist; sourceTree = "<group>"; };
		4ADEEE7B2149F5E10014A010 /* ComponentProtocol.swift */ = {isa = PBXFileReference; lastKnownFileType = sourcecode.swift; path = ComponentProtocol.swift; sourceTree = "<group>"; };
		4ADEEE7D2149F63B0014A010 /* Composite.swift */ = {isa = PBXFileReference; lastKnownFileType = sourcecode.swift; path = Composite.swift; sourceTree = "<group>"; };
		4ADEEE7F2149F6A50014A010 /* Leaf.swift */ = {isa = PBXFileReference; lastKnownFileType = sourcecode.swift; path = Leaf.swift; sourceTree = "<group>"; };
/* End PBXFileReference section */

/* Begin PBXFrameworksBuildPhase section */
		4AAD37E4202075840082B02D /* Frameworks */ = {
			isa = PBXFrameworksBuildPhase;
			buildActionMask = 2147483647;
			files = (
			);
			runOnlyForDeploymentPostprocessing = 0;
		};
		4AAD37F8202075840082B02D /* Frameworks */ = {
			isa = PBXFrameworksBuildPhase;
			buildActionMask = 2147483647;
			files = (
			);
			runOnlyForDeploymentPostprocessing = 0;
		};
		4AAD3803202075840082B02D /* Frameworks */ = {
			isa = PBXFrameworksBuildPhase;
			buildActionMask = 2147483647;
			files = (
			);
			runOnlyForDeploymentPostprocessing = 0;
		};
/* End PBXFrameworksBuildPhase section */

/* Begin PBXGroup section */
		4AAD37DE202075830082B02D = {
			isa = PBXGroup;
			children = (
				4AAD37E9202075840082B02D /* test */,
				4AAD37FE202075840082B02D /* testTests */,
				4AAD3809202075840082B02D /* testUITests */,
				4AAD37E8202075840082B02D /* Products */,
			);
			sourceTree = "<group>";
		};
		4AAD37E8202075840082B02D /* Products */ = {
			isa = PBXGroup;
			children = (
				4AAD37E7202075840082B02D /* test.app */,
				4AAD37FB202075840082B02D /* testTests.xctest */,
				4AAD3806202075840082B02D /* testUITests.xctest */,
			);
			name = Products;
			sourceTree = "<group>";
		};
		4AAD37E9202075840082B02D /* test */ = {
			isa = PBXGroup;
			children = (
				4AAD37EA202075840082B02D /* AppDelegate.swift */,
				4AAD37EC202075840082B02D /* ViewController.swift */,
				4ADEEE7B2149F5E10014A010 /* ComponentProtocol.swift */,
				4ADEEE7D2149F63B0014A010 /* Composite.swift */,
				4ADEEE7F2149F6A50014A010 /* Leaf.swift */,
				4AAD37EE202075840082B02D /* Main.storyboard */,
				4AAD37F1202075840082B02D /* Assets.xcassets */,
				4AAD37F3202075840082B02D /* LaunchScreen.storyboard */,
				4AAD37F6202075840082B02D /* Info.plist */,
				4A09CC5220246C5F006A6FC0 /* test-Bridging-Header.h */,
			);
			path = test;
			sourceTree = "<group>";
		};
		4AAD37FE202075840082B02D /* testTests */ = {
			isa = PBXGroup;
			children = (
				4AAD37FF202075840082B02D /* testTests.swift */,
				4AAD3801202075840082B02D /* Info.plist */,
			);
			path = testTests;
			sourceTree = "<group>";
		};
		4AAD3809202075840082B02D /* testUITests */ = {
			isa = PBXGroup;
			children = (
				4AAD380A202075840082B02D /* testUITests.swift */,
				4AAD380C202075840082B02D /* Info.plist */,
			);
			path = testUITests;
			sourceTree = "<group>";
		};
/* End PBXGroup section */

/* Begin PBXNativeTarget section */
		4AAD37E6202075840082B02D /* test */ = {
			isa = PBXNativeTarget;
			buildConfigurationList = 4AAD380F202075840082B02D /* Build configuration list for PBXNativeTarget "test" */;
			buildPhases = (
				4AAD37E3202075840082B02D /* Sources */,
				4AAD37E4202075840082B02D /* Frameworks */,
				4AAD37E5202075840082B02D /* Resources */,
			);
			buildRules = (
			);
			dependencies = (
			);
			name = test;
			productName = test;
			productReference = 4AAD37E7202075840082B02D /* test.app */;
			productType = "com.apple.product-type.application";
		};
		4AAD37FA202075840082B02D /* testTests */ = {
			isa = PBXNativeTarget;
			buildConfigurationList = 4AAD3812202075840082B02D /* Build configuration list for PBXNativeTarget "testTests" */;
			buildPhases = (
				4AAD37F7202075840082B02D /* Sources */,
				4AAD37F8202075840082B02D /* Frameworks */,
				4AAD37F9202075840082B02D /* Resources */,
			);
			buildRules = (
			);
			dependencies = (
				4AAD37FD202075840082B02D /* PBXTargetDependency */,
			);
			name = testTests;
			productName = testTests;
			productReference = 4AAD37FB202075840082B02D /* testTests.xctest */;
			productType = "com.apple.product-type.bundle.unit-test";
		};
		4AAD3805202075840082B02D /* testUITests */ = {
			isa = PBXNativeTarget;
			buildConfigurationList = 4AAD3815202075840082B02D /* Build configuration list for PBXNativeTarget "testUITests" */;
			buildPhases = (
				4AAD3802202075840082B02D /* Sources */,
				4AAD3803202075840082B02D /* Frameworks */,
				4AAD3804202075840082B02D /* Resources */,
			);
			buildRules = (
			);
			dependencies = (
				4AAD3808202075840082B02D /* PBXTargetDependency */,
			);
			name = testUITests;
			productName = testUITests;
			productReference = 4AAD3806202075840082B02D /* testUITests.xctest */;
			productType = "com.apple.product-type.bundle.ui-testing";
		};
/* End PBXNativeTarget section */

/* Begin PBXProject section */
		4AAD37DF202075830082B02D /* Project object */ = {
			isa = PBXProject;
			attributes = {
				LastSwiftUpdateCheck = 0910;
				LastUpgradeCheck = 0910;
				ORGANIZATIONNAME = Jermy;
				TargetAttributes = {
					4AAD37E6202075840082B02D = {
						CreatedOnToolsVersion = 9.1;
						LastSwiftMigration = 0910;
						ProvisioningStyle = Automatic;
					};
					4AAD37FA202075840082B02D = {
						CreatedOnToolsVersion = 9.1;
						ProvisioningStyle = Automatic;
						TestTargetID = 4AAD37E6202075840082B02D;
					};
					4AAD3805202075840082B02D = {
						CreatedOnToolsVersion = 9.1;
						ProvisioningStyle = Automatic;
						TestTargetID = 4AAD37E6202075840082B02D;
					};
				};
			};
			buildConfigurationList = 4AAD37E2202075830082B02D /* Build configuration list for PBXProject "test" */;
			compatibilityVersion = "Xcode 8.0";
			developmentRegion = en;
			hasScannedForEncodings = 0;
			knownRegions = (
				en,
				Base,
			);
			mainGroup = 4AAD37DE202075830082B02D;
			productRefGroup = 4AAD37E8202075840082B02D /* Products */;
			projectDirPath = "";
			projectRoot = "";
			targets = (
				4AAD37E6202075840082B02D /* test */,
				4AAD37FA202075840082B02D /* testTests */,
				4AAD3805202075840082B02D /* testUITests */,
			);
		};
/* End PBXProject section */

/* Begin PBXResourcesBuildPhase section */
		4AAD37E5202075840082B02D /* Resources */ = {
			isa = PBXResourcesBuildPhase;
			buildActionMask = 2147483647;
			files = (
				4AAD37F5202075840082B02D /* LaunchScreen.storyboard in Resources */,
				4AAD37F2202075840082B02D /* Assets.xcassets in Resources */,
				4AAD37F0202075840082B02D /* Main.storyboard in Resources */,
			);
			runOnlyForDeploymentPostprocessing = 0;
		};
		4AAD37F9202075840082B02D /* Resources */ = {
			isa = PBXResourcesBuildPhase;
			buildActionMask = 2147483647;
			files = (
			);
			runOnlyForDeploymentPostprocessing = 0;
		};
		4AAD3804202075840082B02D /* Resources */ = {
			isa = PBXResourcesBuildPhase;
			buildActionMask = 2147483647;
			files = (
			);
			runOnlyForDeploymentPostprocessing = 0;
		};
/* End PBXResourcesBuildPhase section */

/* Begin PBXSourcesBuildPhase section */
		4AAD37E3202075840082B02D /* Sources */ = {
			isa = PBXSourcesBuildPhase;
			buildActionMask = 2147483647;
			files = (
				4ADEEE802149F6A50014A010 /* Leaf.swift in Sources */,
				4ADEEE7C2149F5E10014A010 /* ComponentProtocol.swift in Sources */,
				4ADEEE7E2149F63B0014A010 /* Composite.swift in Sources */,
				4AAD37ED202075840082B02D /* ViewController.swift in Sources */,
				4AAD37EB202075840082B02D /* AppDelegate.swift in Sources */,
			);
			runOnlyForDeploymentPostprocessing = 0;
		};
		4AAD37F7202075840082B02D /* Sources */ = {
			isa = PBXSourcesBuildPhase;
			buildActionMask = 2147483647;
			files = (
				4AAD3800202075840082B02D /* testTests.swift in Sources */,
			);
			runOnlyForDeploymentPostprocessing = 0;
		};
		4AAD3802202075840082B02D /* Sources */ = {
			isa = PBXSourcesBuildPhase;
			buildActionMask = 2147483647;
			files = (
				4AAD380B202075840082B02D /* testUITests.swift in Sources */,
			);
			runOnlyForDeploymentPostprocessing = 0;
		};
/* End PBXSourcesBuildPhase section */

/* Begin PBXTargetDependency section */
		4AAD37FD202075840082B02D /* PBXTargetDependency */ = {
			isa = PBXTargetDependency;
			target = 4AAD37E6202075840082B02D /* test */;
			targetProxy = 4AAD37FC202075840082B02D /* PBXContainerItemProxy */;
		};
		4AAD3808202075840082B02D /* PBXTargetDependency */ = {
			isa = PBXTargetDependency;
			target = 4AAD37E6202075840082B02D /* test */;
			targetProxy = 4AAD3807202075840082B02D /* PBXContainerItemProxy */;
		};
/* End PBXTargetDependency section */

/* Begin PBXVariantGroup section */
		4AAD37EE202075840082B02D /* Main.storyboard */ = {
			isa = PBXVariantGroup;
			children = (
				4AAD37EF202075840082B02D /* Base */,
			);
			name = Main.storyboard;
			sourceTree = "<group>";
		};
		4AAD37F3202075840082B02D /* LaunchScreen.storyboard */ = {
			isa = PBXVariantGroup;
			children = (
				4AAD37F4202075840082B02D /* Base */,
			);
			name = LaunchScreen.storyboard;
			sourceTree = "<group>";
		};
/* End PBXVariantGroup section */

/* Begin XCBuildConfiguration section */
		4AAD380D202075840082B02D /* Debug */ = {
			isa = XCBuildConfiguration;
			buildSettings = {
				ALWAYS_SEARCH_USER_PATHS = NO;
				CLANG_ANALYZER_NONNULL = YES;
				CLANG_ANALYZER_NUMBER_OBJECT_CONVERSION = YES_AGGRESSIVE;
				CLANG_CXX_LANGUAGE_STANDARD = "gnu++14";
				CLANG_CXX_LIBRARY = "libc++";
				CLANG_ENABLE_MODULES = YES;
				CLANG_ENABLE_OBJC_ARC = YES;
				CLANG_WARN_BLOCK_CAPTURE_AUTORELEASING = YES;
				CLANG_WARN_BOOL_CONVERSION = YES;
				CLANG_WARN_COMMA = YES;
				CLANG_WARN_CONSTANT_CONVERSION = YES;
				CLANG_WARN_DIRECT_OBJC_ISA_USAGE = YES_ERROR;
				CLANG_WARN_DOCUMENTATION_COMMENTS = YES;
				CLANG_WARN_EMPTY_BODY = YES;
				CLANG_WARN_ENUM_CONVERSION = YES;
				CLANG_WARN_INFINITE_RECURSION = YES;
				CLANG_WARN_INT_CONVERSION = YES;
				CLANG_WARN_NON_LITERAL_NULL_CONVERSION = YES;
				CLANG_WARN_OBJC_LITERAL_CONVERSION = YES;
				CLANG_WARN_OBJC_ROOT_CLASS = YES_ERROR;
				CLANG_WARN_RANGE_LOOP_ANALYSIS = YES;
				CLANG_WARN_STRICT_PROTOTYPES = YES;
				CLANG_WARN_SUSPICIOUS_MOVE = YES;
				CLANG_WARN_UNGUARDED_AVAILABILITY = YES_AGGRESSIVE;
				CLANG_WARN_UNREACHABLE_CODE = YES;
				CLANG_WARN__DUPLICATE_METHOD_MATCH = YES;
				CODE_SIGN_IDENTITY = "iPhone Developer";
				COPY_PHASE_STRIP = NO;
				DEBUG_INFORMATION_FORMAT = dwarf;
				ENABLE_STRICT_OBJC_MSGSEND = YES;
				ENABLE_TESTABILITY = YES;
				GCC_C_LANGUAGE_STANDARD = gnu11;
				GCC_DYNAMIC_NO_PIC = NO;
				GCC_NO_COMMON_BLOCKS = YES;
				GCC_OPTIMIZATION_LEVEL = 0;
				GCC_PREPROCESSOR_DEFINITIONS = (
					"DEBUG=1",
					"$(inherited)",
				);
				GCC_WARN_64_TO_32_BIT_CONVERSION = YES;
				GCC_WARN_ABOUT_RETURN_TYPE = YES_ERROR;
				GCC_WARN_UNDECLARED_SELECTOR = YES;
				GCC_WARN_UNINITIALIZED_AUTOS = YES_AGGRESSIVE;
				GCC_WARN_UNUSED_FUNCTION = YES;
				GCC_WARN_UNUSED_VARIABLE = YES;
				IPHONEOS_DEPLOYMENT_TARGET = 11.1;
				MTL_ENABLE_DEBUG_INFO = YES;
				ONLY_ACTIVE_ARCH = YES;
				SDKROOT = iphoneos;
				SWIFT_ACTIVE_COMPILATION_CONDITIONS = DEBUG;
				SWIFT_OPTIMIZATION_LEVEL = "-Onone";
			};
			name = Debug;
		};
		4AAD380E202075840082B02D /* Release */ = {
			isa = XCBuildConfiguration;
			buildSettings = {
				ALWAYS_SEARCH_USER_PATHS = NO;
				CLANG_ANALYZER_NONNULL = YES;
				CLANG_ANALYZER_NUMBER_OBJECT_CONVERSION = YES_AGGRESSIVE;
				CLANG_CXX_LANGUAGE_STANDARD = "gnu++14";
				CLANG_CXX_LIBRARY = "libc++";
				CLANG_ENABLE_MODULES = YES;
				CLANG_ENABLE_OBJC_ARC = YES;
				CLANG_WARN_BLOCK_CAPTURE_AUTORELEASING = YES;
				CLANG_WARN_BOOL_CONVERSION = YES;
				CLANG_WARN_COMMA = YES;
				CLANG_WARN_CONSTANT_CONVERSION = YES;
				CLANG_WARN_DIRECT_OBJC_ISA_USAGE = YES_ERROR;
				CLANG_WARN_DOCUMENTATION_COMMENTS = YES;
				CLANG_WARN_EMPTY_BODY = YES;
				CLANG_WARN_ENUM_CONVERSION = YES;
				CLANG_WARN_INFINITE_RECURSION = YES;
				CLANG_WARN_INT_CONVERSION = YES;
				CLANG_WARN_NON_LITERAL_NULL_CONVERSION = YES;
				CLANG_WARN_OBJC_LITERAL_CONVERSION = YES;
				CLANG_WARN_OBJC_ROOT_CLASS = YES_ERROR;
				CLANG_WARN_RANGE_LOOP_ANALYSIS = YES;
				CLANG_WARN_STRICT_PROTOTYPES = YES;
				CLANG_WARN_SUSPICIOUS_MOVE = YES;
				CLANG_WARN_UNGUARDED_AVAILABILITY = YES_AGGRESSIVE;
				CLANG_WARN_UNREACHABLE_CODE = YES;
				CLANG_WARN__DUPLICATE_METHOD_MATCH = YES;
				CODE_SIGN_IDENTITY = "iPhone Developer";
				COPY_PHASE_STRIP = NO;
				DEBUG_INFORMATION_FORMAT = "dwarf-with-dsym";
				ENABLE_NS_ASSERTIONS = NO;
				ENABLE_STRICT_OBJC_MSGSEND = YES;
				GCC_C_LANGUAGE_STANDARD = gnu11;
				GCC_NO_COMMON_BLOCKS = YES;
				GCC_WARN_64_TO_32_BIT_CONVERSION = YES;
				GCC_WARN_ABOUT_RETURN_TYPE = YES_ERROR;
				GCC_WARN_UNDECLARED_SELECTOR = YES;
				GCC_WARN_UNINITIALIZED_AUTOS = YES_AGGRESSIVE;
				GCC_WARN_UNUSED_FUNCTION = YES;
				GCC_WARN_UNUSED_VARIABLE = YES;
				IPHONEOS_DEPLOYMENT_TARGET = 11.1;
				MTL_ENABLE_DEBUG_INFO = NO;
				SDKROOT = iphoneos;
				SWIFT_OPTIMIZATION_LEVEL = "-Owholemodule";
				VALIDATE_PRODUCT = YES;
			};
			name = Release;
		};
		4AAD3810202075840082B02D /* Debug */ = {
			isa = XCBuildConfiguration;
			buildSettings = {
				ASSETCATALOG_COMPILER_APPICON_NAME = AppIcon;
				CLANG_ENABLE_MODULES = YES;
				CODE_SIGN_IDENTITY = "iPhone Developer";
				"CODE_SIGN_IDENTITY[sdk=iphoneos*]" = "iPhone Developer";
				CODE_SIGN_STYLE = Automatic;
				DEVELOPMENT_TEAM = S47T4UESP3;
				INFOPLIST_FILE = test/Info.plist;
				IPHONEOS_DEPLOYMENT_TARGET = 8.0;
				LD_RUNPATH_SEARCH_PATHS = "$(inherited) @executable_path/Frameworks";
				PRODUCT_BUNDLE_IDENTIFIER = com.ftsafe.test;
				PRODUCT_NAME = "$(TARGET_NAME)";
				PROVISIONING_PROFILE = "";
				PROVISIONING_PROFILE_SPECIFIER = "";
				SWIFT_OBJC_BRIDGING_HEADER = "test/test-Bridging-Header.h";
				SWIFT_OPTIMIZATION_LEVEL = "-Onone";
				SWIFT_VERSION = 4.0;
				TARGETED_DEVICE_FAMILY = "1,2";
			};
			name = Debug;
		};
		4AAD3811202075840082B02D /* Release */ = {
			isa = XCBuildConfiguration;
			buildSettings = {
				ASSETCATALOG_COMPILER_APPICON_NAME = AppIcon;
				CLANG_ENABLE_MODULES = YES;
				CODE_SIGN_IDENTITY = "iPhone Developer";
				"CODE_SIGN_IDENTITY[sdk=iphoneos*]" = "iPhone Developer";
				CODE_SIGN_STYLE = Automatic;
				DEVELOPMENT_TEAM = S47T4UESP3;
				INFOPLIST_FILE = test/Info.plist;
				IPHONEOS_DEPLOYMENT_TARGET = 8.0;
				LD_RUNPATH_SEARCH_PATHS = "$(inherited) @executable_path/Frameworks";
				PRODUCT_BUNDLE_IDENTIFIER = com.ftsafe.test;
				PRODUCT_NAME = "$(TARGET_NAME)";
				PROVISIONING_PROFILE = "";
				PROVISIONING_PROFILE_SPECIFIER = "";
				SWIFT_OBJC_BRIDGING_HEADER = "test/test-Bridging-Header.h";
				SWIFT_VERSION = 4.0;
				TARGETED_DEVICE_FAMILY = "1,2";
			};
			name = Release;
		};
		4AAD3813202075840082B02D /* Debug */ = {
			isa = XCBuildConfiguration;
			buildSettings = {
				ALWAYS_EMBED_SWIFT_STANDARD_LIBRARIES = YES;
				BUNDLE_LOADER = "$(TEST_HOST)";
				CODE_SIGN_STYLE = Automatic;
				DEVELOPMENT_TEAM = S47T4UESP3;
				INFOPLIST_FILE = testTests/Info.plist;
				LD_RUNPATH_SEARCH_PATHS = "$(inherited) @executable_path/Frameworks @loader_path/Frameworks";
				PRODUCT_BUNDLE_IDENTIFIER = com.ftsafe.testTests;
				PRODUCT_NAME = "$(TARGET_NAME)";
				SWIFT_VERSION = 4.0;
				TARGETED_DEVICE_FAMILY = "1,2";
				TEST_HOST = "$(BUILT_PRODUCTS_DIR)/test.app/test";
			};
			name = Debug;
		};
		4AAD3814202075840082B02D /* Release */ = {
			isa = XCBuildConfiguration;
			buildSettings = {
				ALWAYS_EMBED_SWIFT_STANDARD_LIBRARIES = YES;
				BUNDLE_LOADER = "$(TEST_HOST)";
				CODE_SIGN_STYLE = Automatic;
				DEVELOPMENT_TEAM = S47T4UESP3;
				INFOPLIST_FILE = testTests/Info.plist;
				LD_RUNPATH_SEARCH_PATHS = "$(inherited) @executable_path/Frameworks @loader_path/Frameworks";
				PRODUCT_BUNDLE_IDENTIFIER = com.ftsafe.testTests;
				PRODUCT_NAME = "$(TARGET_NAME)";
				SWIFT_VERSION = 4.0;
				TARGETED_DEVICE_FAMILY = "1,2";
				TEST_HOST = "$(BUILT_PRODUCTS_DIR)/test.app/test";
			};
			name = Release;
		};
		4AAD3816202075840082B02D /* Debug */ = {
			isa = XCBuildConfiguration;
			buildSettings = {
				ALWAYS_EMBED_SWIFT_STANDARD_LIBRARIES = YES;
				CODE_SIGN_STYLE = Automatic;
				DEVELOPMENT_TEAM = S47T4UESP3;
				INFOPLIST_FILE = testUITests/Info.plist;
				LD_RUNPATH_SEARCH_PATHS = "$(inherited) @executable_path/Frameworks @loader_path/Frameworks";
				PRODUCT_BUNDLE_IDENTIFIER = com.ftsafe.testUITests;
				PRODUCT_NAME = "$(TARGET_NAME)";
				SWIFT_VERSION = 4.0;
				TARGETED_DEVICE_FAMILY = "1,2";
				TEST_TARGET_NAME = test;
			};
			name = Debug;
		};
		4AAD3817202075840082B02D /* Release */ = {
			isa = XCBuildConfiguration;
			buildSettings = {
				ALWAYS_EMBED_SWIFT_STANDARD_LIBRARIES = YES;
				CODE_SIGN_STYLE = Automatic;
				DEVELOPMENT_TEAM = S47T4UESP3;
				INFOPLIST_FILE = testUITests/Info.plist;
				LD_RUNPATH_SEARCH_PATHS = "$(inherited) @executable_path/Frameworks @loader_path/Frameworks";
				PRODUCT_BUNDLE_IDENTIFIER = com.ftsafe.testUITests;
				PRODUCT_NAME = "$(TARGET_NAME)";
				SWIFT_VERSION = 4.0;
				TARGETED_DEVICE_FAMILY = "1,2";
				TEST_TARGET_NAME = test;
			};
			name = Release;
		};
/* End XCBuildConfiguration section */

/* Begin XCConfigurationList section */
		4AAD37E2202075830082B02D /* Build configuration list for PBXProject "test" */ = {
			isa = XCConfigurationList;
			buildConfigurations = (
				4AAD380D202075840082B02D /* Debug */,
				4AAD380E202075840082B02D /* Release */,
			);
			defaultConfigurationIsVisible = 0;
			defaultConfigurationName = Release;
		};
		4AAD380F202075840082B02D /* Build configuration list for PBXNativeTarget "test" */ = {
			isa = XCConfigurationList;
			buildConfigurations = (
				4AAD3810202075840082B02D /* Debug */,
				4AAD3811202075840082B02D /* Release */,
			);
			defaultConfigurationIsVisible = 0;
			defaultConfigurationName = Release;
		};
		4AAD3812202075840082B02D /* Build configuration list for PBXNativeTarget "testTests" */ = {
			isa = XCConfigurationList;
			buildConfigurations = (
				4AAD3813202075840082B02D /* Debug */,
				4AAD3814202075840082B02D /* Release */,
			);
			defaultConfigurationIsVisible = 0;
			defaultConfigurationName = Release;
		};
		4AAD3815202075840082B02D /* Build configuration list for PBXNativeTarget "testUITests" */ = {
			isa = XCConfigurationList;
			buildConfigurations = (
				4AAD3816202075840082B02D /* Debug */,
				4AAD3817202075840082B02D /* Release */,
			);
			defaultConfigurationIsVisible = 0;
			defaultConfigurationName = Release;
		};
/* End XCConfigurationList section */
	};
	rootObject = 4AAD37DF202075830082B02D /* Project object */;
}
